// !$*UTF8*$!
{
	archiveVersion = 1;
	classes = {
	};
	objectVersion = 50;
	objects = {

/* Begin PBXBuildFile section */
		93AA6C9824CE948D00012CE3 /* AppDelegate.swift in Sources */ = {isa = PBXBuildFile; fileRef = 93AA6C9724CE948D00012CE3 /* AppDelegate.swift */; };
		93AA6C9A24CE948D00012CE3 /* SceneDelegate.swift in Sources */ = {isa = PBXBuildFile; fileRef = 93AA6C9924CE948D00012CE3 /* SceneDelegate.swift */; };
		93AA6C9F24CE948D00012CE3 /* Main.storyboard in Resources */ = {isa = PBXBuildFile; fileRef = 93AA6C9D24CE948D00012CE3 /* Main.storyboard */; };
		93AA6CA124CE949200012CE3 /* Assets.xcassets in Resources */ = {isa = PBXBuildFile; fileRef = 93AA6CA024CE949200012CE3 /* Assets.xcassets */; };
		93AA6CA424CE949200012CE3 /* LaunchScreen.storyboard in Resources */ = {isa = PBXBuildFile; fileRef = 93AA6CA224CE949200012CE3 /* LaunchScreen.storyboard */; };
		93AA6CAF24CE949200012CE3 /* ERFileManagerTests.swift in Sources */ = {isa = PBXBuildFile; fileRef = 93AA6CAE24CE949200012CE3 /* ERFileManagerTests.swift */; };
		93AA6CBA24CE949200012CE3 /* ERFileManagerUITests.swift in Sources */ = {isa = PBXBuildFile; fileRef = 93AA6CB924CE949200012CE3 /* ERFileManagerUITests.swift */; };
		93AA6CCB24CEBC3D00012CE3 /* ERFileManager.swift in Sources */ = {isa = PBXBuildFile; fileRef = 93AA6CC924CE94F300012CE3 /* ERFileManager.swift */; };
		93AA6CCC24CEBC4800012CE3 /* ViewController.swift in Sources */ = {isa = PBXBuildFile; fileRef = 93AA6C9B24CE948D00012CE3 /* ViewController.swift */; };
/* End PBXBuildFile section */

/* Begin PBXContainerItemProxy section */
		93AA6CAB24CE949200012CE3 /* PBXContainerItemProxy */ = {
			isa = PBXContainerItemProxy;
			containerPortal = 93AA6C8C24CE948D00012CE3 /* Project object */;
			proxyType = 1;
			remoteGlobalIDString = 93AA6C9324CE948D00012CE3;
			remoteInfo = ERFileManager;
		};
		93AA6CB624CE949200012CE3 /* PBXContainerItemProxy */ = {
			isa = PBXContainerItemProxy;
			containerPortal = 93AA6C8C24CE948D00012CE3 /* Project object */;
			proxyType = 1;
			remoteGlobalIDString = 93AA6C9324CE948D00012CE3;
			remoteInfo = ERFileManager;
		};
/* End PBXContainerItemProxy section */

/* Begin PBXFileReference section */
		93AA6C9424CE948D00012CE3 /* ERFileManager.app */ = {isa = PBXFileReference; explicitFileType = wrapper.application; includeInIndex = 0; path = ERFileManager.app; sourceTree = BUILT_PRODUCTS_DIR; };
		93AA6C9724CE948D00012CE3 /* AppDelegate.swift */ = {isa = PBXFileReference; lastKnownFileType = sourcecode.swift; path = AppDelegate.swift; sourceTree = "<group>"; };
		93AA6C9924CE948D00012CE3 /* SceneDelegate.swift */ = {isa = PBXFileReference; lastKnownFileType = sourcecode.swift; path = SceneDelegate.swift; sourceTree = "<group>"; };
		93AA6C9B24CE948D00012CE3 /* ViewController.swift */ = {isa = PBXFileReference; lastKnownFileType = sourcecode.swift; path = ViewController.swift; sourceTree = "<group>"; };
		93AA6C9E24CE948D00012CE3 /* Base */ = {isa = PBXFileReference; lastKnownFileType = file.storyboard; name = Base; path = Base.lproj/Main.storyboard; sourceTree = "<group>"; };
		93AA6CA024CE949200012CE3 /* Assets.xcassets */ = {isa = PBXFileReference; lastKnownFileType = folder.assetcatalog; path = Assets.xcassets; sourceTree = "<group>"; };
		93AA6CA324CE949200012CE3 /* Base */ = {isa = PBXFileReference; lastKnownFileType = file.storyboard; name = Base; path = Base.lproj/LaunchScreen.storyboard; sourceTree = "<group>"; };
		93AA6CA524CE949200012CE3 /* Info.plist */ = {isa = PBXFileReference; lastKnownFileType = text.plist.xml; path = Info.plist; sourceTree = "<group>"; };
		93AA6CAA24CE949200012CE3 /* ERFileManagerTests.xctest */ = {isa = PBXFileReference; explicitFileType = wrapper.cfbundle; includeInIndex = 0; path = ERFileManagerTests.xctest; sourceTree = BUILT_PRODUCTS_DIR; };
		93AA6CAE24CE949200012CE3 /* ERFileManagerTests.swift */ = {isa = PBXFileReference; lastKnownFileType = sourcecode.swift; path = ERFileManagerTests.swift; sourceTree = "<group>"; };
		93AA6CB024CE949200012CE3 /* Info.plist */ = {isa = PBXFileReference; lastKnownFileType = text.plist.xml; path = Info.plist; sourceTree = "<group>"; };
		93AA6CB524CE949200012CE3 /* ERFileManagerUITests.xctest */ = {isa = PBXFileReference; explicitFileType = wrapper.cfbundle; includeInIndex = 0; path = ERFileManagerUITests.xctest; sourceTree = BUILT_PRODUCTS_DIR; };
		93AA6CB924CE949200012CE3 /* ERFileManagerUITests.swift */ = {isa = PBXFileReference; lastKnownFileType = sourcecode.swift; path = ERFileManagerUITests.swift; sourceTree = "<group>"; };
		93AA6CBB24CE949200012CE3 /* Info.plist */ = {isa = PBXFileReference; lastKnownFileType = text.plist.xml; path = Info.plist; sourceTree = "<group>"; };
		93AA6CC924CE94F300012CE3 /* ERFileManager.swift */ = {isa = PBXFileReference; lastKnownFileType = sourcecode.swift; path = ERFileManager.swift; sourceTree = "<group>"; };
/* End PBXFileReference section */

/* Begin PBXFrameworksBuildPhase section */
		93AA6C9124CE948D00012CE3 /* Frameworks */ = {
			isa = PBXFrameworksBuildPhase;
			buildActionMask = 2147483647;
			files = (
			);
			runOnlyForDeploymentPostprocessing = 0;
		};
		93AA6CA724CE949200012CE3 /* Frameworks */ = {
			isa = PBXFrameworksBuildPhase;
			buildActionMask = 2147483647;
			files = (
			);
			runOnlyForDeploymentPostprocessing = 0;
		};
		93AA6CB224CE949200012CE3 /* Frameworks */ = {
			isa = PBXFrameworksBuildPhase;
			buildActionMask = 2147483647;
			files = (
			);
			runOnlyForDeploymentPostprocessing = 0;
		};
/* End PBXFrameworksBuildPhase section */

/* Begin PBXGroup section */
		93AA6C8B24CE948D00012CE3 = {
			isa = PBXGroup;
			children = (
				93AA6C9624CE948D00012CE3 /* ERFileManager */,
				93AA6CAD24CE949200012CE3 /* ERFileManagerTests */,
				93AA6CB824CE949200012CE3 /* ERFileManagerUITests */,
				93AA6C9524CE948D00012CE3 /* Products */,
			);
			sourceTree = "<group>";
		};
		93AA6C9524CE948D00012CE3 /* Products */ = {
			isa = PBXGroup;
			children = (
				93AA6C9424CE948D00012CE3 /* ERFileManager.app */,
				93AA6CAA24CE949200012CE3 /* ERFileManagerTests.xctest */,
				93AA6CB524CE949200012CE3 /* ERFileManagerUITests.xctest */,
			);
			name = Products;
			sourceTree = "<group>";
		};
		93AA6C9624CE948D00012CE3 /* ERFileManager */ = {
			isa = PBXGroup;
			children = (
				93AA6CC824CE94DA00012CE3 /* Demo */,
				93AA6CC724CE94CC00012CE3 /* ERFileManager */,
				93AA6C9724CE948D00012CE3 /* AppDelegate.swift */,
				93AA6C9924CE948D00012CE3 /* SceneDelegate.swift */,
				93AA6C9D24CE948D00012CE3 /* Main.storyboard */,
				93AA6CA024CE949200012CE3 /* Assets.xcassets */,
				93AA6CA224CE949200012CE3 /* LaunchScreen.storyboard */,
				93AA6CA524CE949200012CE3 /* Info.plist */,
			);
			path = ERFileManager;
			sourceTree = "<group>";
		};
		93AA6CAD24CE949200012CE3 /* ERFileManagerTests */ = {
			isa = PBXGroup;
			children = (
				93AA6CAE24CE949200012CE3 /* ERFileManagerTests.swift */,
				93AA6CB024CE949200012CE3 /* Info.plist */,
			);
			path = ERFileManagerTests;
			sourceTree = "<group>";
		};
		93AA6CB824CE949200012CE3 /* ERFileManagerUITests */ = {
			isa = PBXGroup;
			children = (
				93AA6CB924CE949200012CE3 /* ERFileManagerUITests.swift */,
				93AA6CBB24CE949200012CE3 /* Info.plist */,
			);
			path = ERFileManagerUITests;
			sourceTree = "<group>";
		};
		93AA6CC724CE94CC00012CE3 /* ERFileManager */ = {
			isa = PBXGroup;
			children = (
				93AA6CC924CE94F300012CE3 /* ERFileManager.swift */,
			);
			path = ERFileManager;
			sourceTree = "<group>";
		};
		93AA6CC824CE94DA00012CE3 /* Demo */ = {
			isa = PBXGroup;
			children = (
				93AA6C9B24CE948D00012CE3 /* ViewController.swift */,
			);
			path = Demo;
			sourceTree = "<group>";
		};
/* End PBXGroup section */

/* Begin PBXNativeTarget section */
		93AA6C9324CE948D00012CE3 /* ERFileManager */ = {
			isa = PBXNativeTarget;
			buildConfigurationList = 93AA6CBE24CE949200012CE3 /* Build configuration list for PBXNativeTarget "ERFileManager" */;
			buildPhases = (
				93AA6C9024CE948D00012CE3 /* Sources */,
				93AA6C9124CE948D00012CE3 /* Frameworks */,
				93AA6C9224CE948D00012CE3 /* Resources */,
			);
			buildRules = (
			);
			dependencies = (
			);
			name = ERFileManager;
			productName = ERFileManager;
			productReference = 93AA6C9424CE948D00012CE3 /* ERFileManager.app */;
			productType = "com.apple.product-type.application";
		};
		93AA6CA924CE949200012CE3 /* ERFileManagerTests */ = {
			isa = PBXNativeTarget;
			buildConfigurationList = 93AA6CC124CE949200012CE3 /* Build configuration list for PBXNativeTarget "ERFileManagerTests" */;
			buildPhases = (
				93AA6CA624CE949200012CE3 /* Sources */,
				93AA6CA724CE949200012CE3 /* Frameworks */,
				93AA6CA824CE949200012CE3 /* Resources */,
			);
			buildRules = (
			);
			dependencies = (
				93AA6CAC24CE949200012CE3 /* PBXTargetDependency */,
			);
			name = ERFileManagerTests;
			productName = ERFileManagerTests;
			productReference = 93AA6CAA24CE949200012CE3 /* ERFileManagerTests.xctest */;
			productType = "com.apple.product-type.bundle.unit-test";
		};
		93AA6CB424CE949200012CE3 /* ERFileManagerUITests */ = {
			isa = PBXNativeTarget;
			buildConfigurationList = 93AA6CC424CE949200012CE3 /* Build configuration list for PBXNativeTarget "ERFileManagerUITests" */;
			buildPhases = (
				93AA6CB124CE949200012CE3 /* Sources */,
				93AA6CB224CE949200012CE3 /* Frameworks */,
				93AA6CB324CE949200012CE3 /* Resources */,
			);
			buildRules = (
			);
			dependencies = (
				93AA6CB724CE949200012CE3 /* PBXTargetDependency */,
			);
			name = ERFileManagerUITests;
			productName = ERFileManagerUITests;
			productReference = 93AA6CB524CE949200012CE3 /* ERFileManagerUITests.xctest */;
			productType = "com.apple.product-type.bundle.ui-testing";
		};
/* End PBXNativeTarget section */

/* Begin PBXProject section */
		93AA6C8C24CE948D00012CE3 /* Project object */ = {
			isa = PBXProject;
			attributes = {
				LastSwiftUpdateCheck = 1160;
				LastUpgradeCheck = 1160;
				ORGANIZATIONNAME = "Matrix Solution Ltd.";
				TargetAttributes = {
					93AA6C9324CE948D00012CE3 = {
						CreatedOnToolsVersion = 11.6;
					};
					93AA6CA924CE949200012CE3 = {
						CreatedOnToolsVersion = 11.6;
						TestTargetID = 93AA6C9324CE948D00012CE3;
					};
					93AA6CB424CE949200012CE3 = {
						CreatedOnToolsVersion = 11.6;
						TestTargetID = 93AA6C9324CE948D00012CE3;
					};
				};
			};
			buildConfigurationList = 93AA6C8F24CE948D00012CE3 /* Build configuration list for PBXProject "ERFileManager" */;
			compatibilityVersion = "Xcode 9.3";
			developmentRegion = en;
			hasScannedForEncodings = 0;
			knownRegions = (
				en,
				Base,
			);
			mainGroup = 93AA6C8B24CE948D00012CE3;
			productRefGroup = 93AA6C9524CE948D00012CE3 /* Products */;
			projectDirPath = "";
			projectRoot = "";
			targets = (
				93AA6C9324CE948D00012CE3 /* ERFileManager */,
				93AA6CA924CE949200012CE3 /* ERFileManagerTests */,
				93AA6CB424CE949200012CE3 /* ERFileManagerUITests */,
			);
		};
/* End PBXProject section */

/* Begin PBXResourcesBuildPhase section */
		93AA6C9224CE948D00012CE3 /* Resources */ = {
			isa = PBXResourcesBuildPhase;
			buildActionMask = 2147483647;
			files = (
				93AA6CA424CE949200012CE3 /* LaunchScreen.storyboard in Resources */,
				93AA6CA124CE949200012CE3 /* Assets.xcassets in Resources */,
				93AA6C9F24CE948D00012CE3 /* Main.storyboard in Resources */,
			);
			runOnlyForDeploymentPostprocessing = 0;
		};
		93AA6CA824CE949200012CE3 /* Resources */ = {
			isa = PBXResourcesBuildPhase;
			buildActionMask = 2147483647;
			files = (
			);
			runOnlyForDeploymentPostprocessing = 0;
		};
		93AA6CB324CE949200012CE3 /* Resources */ = {
			isa = PBXResourcesBuildPhase;
			buildActionMask = 2147483647;
			files = (
			);
			runOnlyForDeploymentPostprocessing = 0;
		};
/* End PBXResourcesBuildPhase section */

/* Begin PBXSourcesBuildPhase section */
		93AA6C9024CE948D00012CE3 /* Sources */ = {
			isa = PBXSourcesBuildPhase;
			buildActionMask = 2147483647;
			files = (
				93AA6CCB24CEBC3D00012CE3 /* ERFileManager.swift in Sources */,
				93AA6C9824CE948D00012CE3 /* AppDelegate.swift in Sources */,
				93AA6CCC24CEBC4800012CE3 /* ViewController.swift in Sources */,
				93AA6C9A24CE948D00012CE3 /* SceneDelegate.swift in Sources */,
			);
			runOnlyForDeploymentPostprocessing = 0;
		};
		93AA6CA624CE949200012CE3 /* Sources */ = {
			isa = PBXSourcesBuildPhase;
			buildActionMask = 2147483647;
			files = (
				93AA6CAF24CE949200012CE3 /* ERFileManagerTests.swift in Sources */,
			);
			runOnlyForDeploymentPostprocessing = 0;
		};
		93AA6CB124CE949200012CE3 /* Sources */ = {
			isa = PBXSourcesBuildPhase;
			buildActionMask = 2147483647;
			files = (
				93AA6CBA24CE949200012CE3 /* ERFileManagerUITests.swift in Sources */,
			);
			runOnlyForDeploymentPostprocessing = 0;
		};
/* End PBXSourcesBuildPhase section */

/* Begin PBXTargetDependency section */
		93AA6CAC24CE949200012CE3 /* PBXTargetDependency */ = {
			isa = PBXTargetDependency;
			target = 93AA6C9324CE948D00012CE3 /* ERFileManager */;
			targetProxy = 93AA6CAB24CE949200012CE3 /* PBXContainerItemProxy */;
		};
		93AA6CB724CE949200012CE3 /* PBXTargetDependency */ = {
			isa = PBXTargetDependency;
			target = 93AA6C9324CE948D00012CE3 /* ERFileManager */;
			targetProxy = 93AA6CB624CE949200012CE3 /* PBXContainerItemProxy */;
		};
/* End PBXTargetDependency section */

/* Begin PBXVariantGroup section */
		93AA6C9D24CE948D00012CE3 /* Main.storyboard */ = {
			isa = PBXVariantGroup;
			children = (
				93AA6C9E24CE948D00012CE3 /* Base */,
			);
			name = Main.storyboard;
			sourceTree = "<group>";
		};
		93AA6CA224CE949200012CE3 /* LaunchScreen.storyboard */ = {
			isa = PBXVariantGroup;
			children = (
				93AA6CA324CE949200012CE3 /* Base */,
			);
			name = LaunchScreen.storyboard;
			sourceTree = "<group>";
		};
/* End PBXVariantGroup section */

/* Begin XCBuildConfiguration section */
		93AA6CBC24CE949200012CE3 /* Debug */ = {
			isa = XCBuildConfiguration;
			buildSettings = {
				ALWAYS_SEARCH_USER_PATHS = NO;
				CLANG_ANALYZER_NONNULL = YES;
				CLANG_ANALYZER_NUMBER_OBJECT_CONVERSION = YES_AGGRESSIVE;
				CLANG_CXX_LANGUAGE_STANDARD = "gnu++14";
				CLANG_CXX_LIBRARY = "libc++";
				CLANG_ENABLE_MODULES = YES;
				CLANG_ENABLE_OBJC_ARC = YES;
				CLANG_ENABLE_OBJC_WEAK = YES;
				CLANG_WARN_BLOCK_CAPTURE_AUTORELEASING = YES;
				CLANG_WARN_BOOL_CONVERSION = YES;
				CLANG_WARN_COMMA = YES;
				CLANG_WARN_CONSTANT_CONVERSION = YES;
				CLANG_WARN_DEPRECATED_OBJC_IMPLEMENTATIONS = YES;
				CLANG_WARN_DIRECT_OBJC_ISA_USAGE = YES_ERROR;
				CLANG_WARN_DOCUMENTATION_COMMENTS = YES;
				CLANG_WARN_EMPTY_BODY = YES;
				CLANG_WARN_ENUM_CONVERSION = YES;
				CLANG_WARN_INFINITE_RECURSION = YES;
				CLANG_WARN_INT_CONVERSION = YES;
				CLANG_WARN_NON_LITERAL_NULL_CONVERSION = YES;
				CLANG_WARN_OBJC_IMPLICIT_RETAIN_SELF = YES;
				CLANG_WARN_OBJC_LITERAL_CONVERSION = YES;
				CLANG_WARN_OBJC_ROOT_CLASS = YES_ERROR;
				CLANG_WARN_RANGE_LOOP_ANALYSIS = YES;
				CLANG_WARN_STRICT_PROTOTYPES = YES;
				CLANG_WARN_SUSPICIOUS_MOVE = YES;
				CLANG_WARN_UNGUARDED_AVAILABILITY = YES_AGGRESSIVE;
				CLANG_WARN_UNREACHABLE_CODE = YES;
				CLANG_WARN__DUPLICATE_METHOD_MATCH = YES;
				COPY_PHASE_STRIP = NO;
				DEBUG_INFORMATION_FORMAT = dwarf;
				ENABLE_STRICT_OBJC_MSGSEND = YES;
				ENABLE_TESTABILITY = YES;
				GCC_C_LANGUAGE_STANDARD = gnu11;
				GCC_DYNAMIC_NO_PIC = NO;
				GCC_NO_COMMON_BLOCKS = YES;
				GCC_OPTIMIZATION_LEVEL = 0;
				GCC_PREPROCESSOR_DEFINITIONS = (
					"DEBUG=1",
					"$(inherited)",
				);
				GCC_WARN_64_TO_32_BIT_CONVERSION = YES;
				GCC_WARN_ABOUT_RETURN_TYPE = YES_ERROR;
				GCC_WARN_UNDECLARED_SELECTOR = YES;
				GCC_WARN_UNINITIALIZED_AUTOS = YES_AGGRESSIVE;
				GCC_WARN_UNUSED_FUNCTION = YES;
				GCC_WARN_UNUSED_VARIABLE = YES;
				IPHONEOS_DEPLOYMENT_TARGET = 13.6;
				MTL_ENABLE_DEBUG_INFO = INCLUDE_SOURCE;
				MTL_FAST_MATH = YES;
				ONLY_ACTIVE_ARCH = YES;
				SDKROOT = iphoneos;
				SWIFT_ACTIVE_COMPILATION_CONDITIONS = DEBUG;
				SWIFT_OPTIMIZATION_LEVEL = "-Onone";
			};
			name = Debug;
		};
		93AA6CBD24CE949200012CE3 /* Release */ = {
			isa = XCBuildConfiguration;
			buildSettings = {
				ALWAYS_SEARCH_USER_PATHS = NO;
				CLANG_ANALYZER_NONNULL = YES;
				CLANG_ANALYZER_NUMBER_OBJECT_CONVERSION = YES_AGGRESSIVE;
				CLANG_CXX_LANGUAGE_STANDARD = "gnu++14";
				CLANG_CXX_LIBRARY = "libc++";
				CLANG_ENABLE_MODULES = YES;
				CLANG_ENABLE_OBJC_ARC = YES;
				CLANG_ENABLE_OBJC_WEAK = YES;
				CLANG_WARN_BLOCK_CAPTURE_AUTORELEASING = YES;
				CLANG_WARN_BOOL_CONVERSION = YES;
				CLANG_WARN_COMMA = YES;
				CLANG_WARN_CONSTANT_CONVERSION = YES;
				CLANG_WARN_DEPRECATED_OBJC_IMPLEMENTATIONS = YES;
				CLANG_WARN_DIRECT_OBJC_ISA_USAGE = YES_ERROR;
				CLANG_WARN_DOCUMENTATION_COMMENTS = YES;
				CLANG_WARN_EMPTY_BODY = YES;
				CLANG_WARN_ENUM_CONVERSION = YES;
				CLANG_WARN_INFINITE_RECURSION = YES;
				CLANG_WARN_INT_CONVERSION = YES;
				CLANG_WARN_NON_LITERAL_NULL_CONVERSION = YES;
				CLANG_WARN_OBJC_IMPLICIT_RETAIN_SELF = YES;
				CLANG_WARN_OBJC_LITERAL_CONVERSION = YES;
				CLANG_WARN_OBJC_ROOT_CLASS = YES_ERROR;
				CLANG_WARN_RANGE_LOOP_ANALYSIS = YES;
				CLANG_WARN_STRICT_PROTOTYPES = YES;
				CLANG_WARN_SUSPICIOUS_MOVE = YES;
				CLANG_WARN_UNGUARDED_AVAILABILITY = YES_AGGRESSIVE;
				CLANG_WARN_UNREACHABLE_CODE = YES;
				CLANG_WARN__DUPLICATE_METHOD_MATCH = YES;
				COPY_PHASE_STRIP = NO;
				DEBUG_INFORMATION_FORMAT = "dwarf-with-dsym";
				ENABLE_NS_ASSERTIONS = NO;
				ENABLE_STRICT_OBJC_MSGSEND = YES;
				GCC_C_LANGUAGE_STANDARD = gnu11;
				GCC_NO_COMMON_BLOCKS = YES;
				GCC_WARN_64_TO_32_BIT_CONVERSION = YES;
				GCC_WARN_ABOUT_RETURN_TYPE = YES_ERROR;
				GCC_WARN_UNDECLARED_SELECTOR = YES;
				GCC_WARN_UNINITIALIZED_AUTOS = YES_AGGRESSIVE;
				GCC_WARN_UNUSED_FUNCTION = YES;
				GCC_WARN_UNUSED_VARIABLE = YES;
				IPHONEOS_DEPLOYMENT_TARGET = 13.6;
				MTL_ENABLE_DEBUG_INFO = NO;
				MTL_FAST_MATH = YES;
				SDKROOT = iphoneos;
				SWIFT_COMPILATION_MODE = wholemodule;
				SWIFT_OPTIMIZATION_LEVEL = "-O";
				VALIDATE_PRODUCT = YES;
			};
			name = Release;
		};
		93AA6CBF24CE949200012CE3 /* Debug */ = {
			isa = XCBuildConfiguration;
			buildSettings = {
				ASSETCATALOG_COMPILER_APPICON_NAME = AppIcon;
				CODE_SIGN_STYLE = Automatic;
				DEVELOPMENT_TEAM = H456FFSK68;
				INFOPLIST_FILE = ERFileManager/Info.plist;
				LD_RUNPATH_SEARCH_PATHS = (
					"$(inherited)",
					"@executable_path/Frameworks",
				);
				PRODUCT_BUNDLE_IDENTIFIER = com.emraz.ERFileManager;
				PRODUCT_NAME = "$(TARGET_NAME)";
				SWIFT_VERSION = 5.0;
				TARGETED_DEVICE_FAMILY = "1,2";
			};
			name = Debug;
		};
		93AA6CC024CE949200012CE3 /* Release */ = {
			isa = XCBuildConfiguration;
			buildSettings = {
				ASSETCATALOG_COMPILER_APPICON_NAME = AppIcon;
				CODE_SIGN_STYLE = Automatic;
				DEVELOPMENT_TEAM = H456FFSK68;
				INFOPLIST_FILE = ERFileManager/Info.plist;
				LD_RUNPATH_SEARCH_PATHS = (
					"$(inherited)",
					"@executable_path/Frameworks",
				);
				PRODUCT_BUNDLE_IDENTIFIER = com.emraz.ERFileManager;
				PRODUCT_NAME = "$(TARGET_NAME)";
				SWIFT_VERSION = 5.0;
				TARGETED_DEVICE_FAMILY = "1,2";
			};
			name = Release;
		};
		93AA6CC224CE949200012CE3 /* Debug */ = {
			isa = XCBuildConfiguration;
			buildSettings = {
				ALWAYS_EMBED_SWIFT_STANDARD_LIBRARIES = YES;
				BUNDLE_LOADER = "$(TEST_HOST)";
				CODE_SIGN_STYLE = Automatic;
				DEVELOPMENT_TEAM = H456FFSK68;
				INFOPLIST_FILE = ERFileManagerTests/Info.plist;
				IPHONEOS_DEPLOYMENT_TARGET = 13.6;
				LD_RUNPATH_SEARCH_PATHS = (
					"$(inherited)",
					"@executable_path/Frameworks",
					"@loader_path/Frameworks",
				);
				PRODUCT_BUNDLE_IDENTIFIER = com.emraz.ERFileManagerTests;
				PRODUCT_NAME = "$(TARGET_NAME)";
				SWIFT_VERSION = 5.0;
				TARGETED_DEVICE_FAMILY = "1,2";
				TEST_HOST = "$(BUILT_PRODUCTS_DIR)/ERFileManager.app/ERFileManager";
			};
			name = Debug;
		};
		93AA6CC324CE949200012CE3 /* Release */ = {
			isa = XCBuildConfiguration;
			buildSettings = {
				ALWAYS_EMBED_SWIFT_STANDARD_LIBRARIES = YES;
				BUNDLE_LOADER = "$(TEST_HOST)";
				CODE_SIGN_STYLE = Automatic;
				DEVELOPMENT_TEAM = H456FFSK68;
				INFOPLIST_FILE = ERFileManagerTests/Info.plist;
				IPHONEOS_DEPLOYMENT_TARGET = 13.6;
				LD_RUNPATH_SEARCH_PATHS = (
					"$(inherited)",
					"@executable_path/Frameworks",
					"@loader_path/Frameworks",
				);
				PRODUCT_BUNDLE_IDENTIFIER = com.emraz.ERFileManagerTests;
				PRODUCT_NAME = "$(TARGET_NAME)";
				SWIFT_VERSION = 5.0;
				TARGETED_DEVICE_FAMILY = "1,2";
				TEST_HOST = "$(BUILT_PRODUCTS_DIR)/ERFileManager.app/ERFileManager";
			};
			name = Release;
		};
		93AA6CC524CE949200012CE3 /* Debug */ = {
			isa = XCBuildConfiguration;
			buildSettings = {
				ALWAYS_EMBED_SWIFT_STANDARD_LIBRARIES = YES;
				CODE_SIGN_STYLE = Automatic;
				DEVELOPMENT_TEAM = H456FFSK68;
				INFOPLIST_FILE = ERFileManagerUITests/Info.plist;
				LD_RUNPATH_SEARCH_PATHS = (
					"$(inherited)",
					"@executable_path/Frameworks",
					"@loader_path/Frameworks",
				);
				PRODUCT_BUNDLE_IDENTIFIER = com.emraz.ERFileManagerUITests;
				PRODUCT_NAME = "$(TARGET_NAME)";
				SWIFT_VERSION = 5.0;
				TARGETED_DEVICE_FAMILY = "1,2";
				TEST_TARGET_NAME = ERFileManager;
			};
			name = Debug;
		};
		93AA6CC624CE949200012CE3 /* Release */ = {
			isa = XCBuildConfiguration;
			buildSettings = {
				ALWAYS_EMBED_SWIFT_STANDARD_LIBRARIES = YES;
				CODE_SIGN_STYLE = Automatic;
				DEVELOPMENT_TEAM = H456FFSK68;
				INFOPLIST_FILE = ERFileManagerUITests/Info.plist;
				LD_RUNPATH_SEARCH_PATHS = (
					"$(inherited)",
					"@executable_path/Frameworks",
					"@loader_path/Frameworks",
				);
				PRODUCT_BUNDLE_IDENTIFIER = com.emraz.ERFileManagerUITests;
				PRODUCT_NAME = "$(TARGET_NAME)";
				SWIFT_VERSION = 5.0;
				TARGETED_DEVICE_FAMILY = "1,2";
				TEST_TARGET_NAME = ERFileManager;
			};
			name = Release;
		};
/* End XCBuildConfiguration section */

/* Begin XCConfigurationList section */
		93AA6C8F24CE948D00012CE3 /* Build configuration list for PBXProject "ERFileManager" */ = {
			isa = XCConfigurationList;
			buildConfigurations = (
				93AA6CBC24CE949200012CE3 /* Debug */,
				93AA6CBD24CE949200012CE3 /* Release */,
			);
			defaultConfigurationIsVisible = 0;
			defaultConfigurationName = Release;
		};
		93AA6CBE24CE949200012CE3 /* Build configuration list for PBXNativeTarget "ERFileManager" */ = {
			isa = XCConfigurationList;
			buildConfigurations = (
				93AA6CBF24CE949200012CE3 /* Debug */,
				93AA6CC024CE949200012CE3 /* Release */,
			);
			defaultConfigurationIsVisible = 0;
			defaultConfigurationName = Release;
		};
		93AA6CC124CE949200012CE3 /* Build configuration list for PBXNativeTarget "ERFileManagerTests" */ = {
			isa = XCConfigurationList;
			buildConfigurations = (
				93AA6CC224CE949200012CE3 /* Debug */,
				93AA6CC324CE949200012CE3 /* Release */,
			);
			defaultConfigurationIsVisible = 0;
			defaultConfigurationName = Release;
		};
		93AA6CC424CE949200012CE3 /* Build configuration list for PBXNativeTarget "ERFileManagerUITests" */ = {
			isa = XCConfigurationList;
			buildConfigurations = (
				93AA6CC524CE949200012CE3 /* Debug */,
				93AA6CC624CE949200012CE3 /* Release */,
			);
			defaultConfigurationIsVisible = 0;
			defaultConfigurationName = Release;
		};
/* End XCConfigurationList section */
	};
	rootObject = 93AA6C8C24CE948D00012CE3 /* Project object */;
}
